Microsoft Visual Studio Solution File, Format Version 12.00
# Visual Studio Version 17
VisualStudioVersion = 17.5.2.0
MinimumVisualStudioVersion = 10.0.40219.1
Project("{FAE04EC0-301F-11D3-BF4B-00C04F79EFBC}") = "PlcMultiMachine", "PlcMultiMachine.csproj", "{D47E922E-EC64-45C3-3D46-E4A7F6D442C2}"
EndProject
Global
	GlobalSection(SolutionConfigurationPlatforms) = preSolution
		Debug|Any CPU = Debug|Any CPU
		Release|Any CPU = Release|Any CPU
	EndGlobalSection
	GlobalSection(ProjectConfigurationPlatforms) = postSolution
		{D47E922E-EC64-45C3-3D46-E4A7F6D442C2}.Debug|Any CPU.ActiveCfg = Debug|Any CPU
		{D47E922E-EC64-45C3-3D46-E4A7F6D442C2}.Debug|Any CPU.Build.0 = Debug|Any CPU
		{D47E922E-EC64-45C3-3D46-E4A7F6D442C2}.Release|Any CPU.ActiveCfg = Release|Any CPU
		{D47E922E-EC64-45C3-3D46-E4A7F6D442C2}.Release|Any CPU.Build.0 = Release|Any CPU
	EndGlobalSection
	GlobalSection(SolutionProperties) = preSolution
		HideSolutionNode = FALSE
	EndGlobalSection
	GlobalSection(ExtensibilityGlobals) = postSolution
		SolutionGuid = {E237BF85-1478-407A-82B9-7A714A3F4050}
	EndGlobalSection
EndGlobal
