
Microsoft Visual Studio Solution File, Format Version 12.00
# Visual Studio Version 17
VisualStudioVersion = 17.0.31903.59
MinimumVisualStudioVersion = 10.0.40219.1
Project("{FAE04EC0-301F-11D3-BF4B-00C04F79EFBC}") = "MESManager.Domain", "MESManager.Domain\MESManager.Domain.csproj", "{D5A69BF6-A099-4013-9175-47D4EE10E5F9}"
EndProject
Project("{FAE04EC0-301F-11D3-BF4B-00C04F79EFBC}") = "MESManager.Application", "MESManager.Application\MESManager.Application.csproj", "{35CC18C4-18BC-4433-8FE9-43D58FCBC942}"
EndProject
Project("{FAE04EC0-301F-11D3-BF4B-00C04F79EFBC}") = "MESManager.Infrastructure", "MESManager.Infrastructure\MESManager.Infrastructure.csproj", "{2144E2AF-867E-48AA-A03A-8954BD6BB387}"
EndProject
Project("{FAE04EC0-301F-11D3-BF4B-00C04F79EFBC}") = "MESManager.Web", "MESManager.Web\MESManager.Web.csproj", "{ACDDFA1D-A54F-4380-8EC7-4C1A315A3179}"
EndProject
Project("{FAE04EC0-301F-11D3-BF4B-00C04F79EFBC}") = "MESManager.Worker", "MESManager.Worker\MESManager.Worker.csproj", "{CD64D4BF-9DC8-4DAD-ADC7-0B146AC3B52F}"
EndProject
Project("{FAE04EC0-301F-11D3-BF4B-00C04F79EFBC}") = "MESManager.PlcSync", "MESManager.PlcSync\MESManager.PlcSync.csproj", "{EFEA5296-AA00-48BC-90FA-C0AFBDCA1558}"
EndProject
Project("{FAE04EC0-301F-11D3-BF4B-00C04F79EFBC}") = "MESManager.E2E", "tests\MESManager.E2E\MESManager.E2E.csproj", "{58E0650A-CC9E-44BB-810F-939B10DFCA91}"
EndProject
Global
	GlobalSection(SolutionConfigurationPlatforms) = preSolution
		Debug|Any CPU = Debug|Any CPU
		Release|Any CPU = Release|Any CPU
	EndGlobalSection
	GlobalSection(SolutionProperties) = preSolution
		HideSolutionNode = FALSE
	EndGlobalSection
	GlobalSection(ProjectConfigurationPlatforms) = postSolution
		{D5A69BF6-A099-4013-9175-47D4EE10E5F9}.Debug|Any CPU.ActiveCfg = Debug|Any CPU
		{D5A69BF6-A099-4013-9175-47D4EE10E5F9}.Debug|Any CPU.Build.0 = Debug|Any CPU
		{D5A69BF6-A099-4013-9175-47D4EE10E5F9}.Release|Any CPU.ActiveCfg = Release|Any CPU
		{D5A69BF6-A099-4013-9175-47D4EE10E5F9}.Release|Any CPU.Build.0 = Release|Any CPU
		{35CC18C4-18BC-4433-8FE9-43D58FCBC942}.Debug|Any CPU.ActiveCfg = Debug|Any CPU
		{35CC18C4-18BC-4433-8FE9-43D58FCBC942}.Debug|Any CPU.Build.0 = Debug|Any CPU
		{35CC18C4-18BC-4433-8FE9-43D58FCBC942}.Release|Any CPU.ActiveCfg = Release|Any CPU
		{35CC18C4-18BC-4433-8FE9-43D58FCBC942}.Release|Any CPU.Build.0 = Release|Any CPU
		{2144E2AF-867E-48AA-A03A-8954BD6BB387}.Debug|Any CPU.ActiveCfg = Debug|Any CPU
		{2144E2AF-867E-48AA-A03A-8954BD6BB387}.Debug|Any CPU.Build.0 = Debug|Any CPU
		{2144E2AF-867E-48AA-A03A-8954BD6BB387}.Release|Any CPU.ActiveCfg = Release|Any CPU
		{2144E2AF-867E-48AA-A03A-8954BD6BB387}.Release|Any CPU.Build.0 = Release|Any CPU
		{ACDDFA1D-A54F-4380-8EC7-4C1A315A3179}.Debug|Any CPU.ActiveCfg = Debug|Any CPU
		{ACDDFA1D-A54F-4380-8EC7-4C1A315A3179}.Debug|Any CPU.Build.0 = Debug|Any CPU
		{ACDDFA1D-A54F-4380-8EC7-4C1A315A3179}.Release|Any CPU.ActiveCfg = Release|Any CPU
		{ACDDFA1D-A54F-4380-8EC7-4C1A315A3179}.Release|Any CPU.Build.0 = Release|Any CPU
		{CD64D4BF-9DC8-4DAD-ADC7-0B146AC3B52F}.Debug|Any CPU.ActiveCfg = Debug|Any CPU
		{CD64D4BF-9DC8-4DAD-ADC7-0B146AC3B52F}.Debug|Any CPU.Build.0 = Debug|Any CPU
		{CD64D4BF-9DC8-4DAD-ADC7-0B146AC3B52F}.Release|Any CPU.ActiveCfg = Release|Any CPU
		{CD64D4BF-9DC8-4DAD-ADC7-0B146AC3B52F}.Release|Any CPU.Build.0 = Release|Any CPU
		{EFEA5296-AA00-48BC-90FA-C0AFBDCA1558}.Debug|Any CPU.ActiveCfg = Debug|Any CPU
		{EFEA5296-AA00-48BC-90FA-C0AFBDCA1558}.Debug|Any CPU.Build.0 = Debug|Any CPU
		{EFEA5296-AA00-48BC-90FA-C0AFBDCA1558}.Release|Any CPU.ActiveCfg = Release|Any CPU
		{EFEA5296-AA00-48BC-90FA-C0AFBDCA1558}.Release|Any CPU.Build.0 = Release|Any CPU
		{58E0650A-CC9E-44BB-810F-939B10DFCA91}.Debug|Any CPU.ActiveCfg = Debug|Any CPU
		{58E0650A-CC9E-44BB-810F-939B10DFCA91}.Debug|Any CPU.Build.0 = Debug|Any CPU
		{58E0650A-CC9E-44BB-810F-939B10DFCA91}.Release|Any CPU.ActiveCfg = Release|Any CPU
		{58E0650A-CC9E-44BB-810F-939B10DFCA91}.Release|Any CPU.Build.0 = Release|Any CPU
	EndGlobalSection
EndGlobal
